
Microsoft Visual Studio Solution File, Format Version 12.00
# Visual Studio Version 17
VisualStudioVersion = 17.8.34322.80
MinimumVisualStudioVersion = 10.0.40219.1
Project("{9A19103F-16F7-4668-BE54-9A1E7A4F7556}") = "Application", "Application\Application.csproj", "{784F0FA1-7C26-48C5-80CD-9EA1EF1E237F}"
EndProject
Project("{9A19103F-16F7-4668-BE54-9A1E7A4F7556}") = "Domain", "Domain\Domain.csproj", "{4487E3A4-33B2-4A4C-BFE5-B1ACAD41C2B3}"
EndProject
Project("{9A19103F-16F7-4668-BE54-9A1E7A4F7556}") = "Services", "Services\Services.csproj", "{A222A697-C64D-4AB5-9B3A-31B92F7838A2}"
EndProject
Project("{9A19103F-16F7-4668-BE54-9A1E7A4F7556}") = "Infrastructure", "Infraestructure\Infrastructure.csproj", "{7E5043C6-CB7A-451B-A0AD-0E1AD6F34000}"
EndProject
Global
	GlobalSection(SolutionConfigurationPlatforms) = preSolution
		Debug|Any CPU = Debug|Any CPU
		Release|Any CPU = Release|Any CPU
	EndGlobalSection
	GlobalSection(ProjectConfigurationPlatforms) = postSolution
		{784F0FA1-7C26-48C5-80CD-9EA1EF1E237F}.Debug|Any CPU.ActiveCfg = Debug|Any CPU
		{784F0FA1-7C26-48C5-80CD-9EA1EF1E237F}.Debug|Any CPU.Build.0 = Debug|Any CPU
		{784F0FA1-7C26-48C5-80CD-9EA1EF1E237F}.Release|Any CPU.ActiveCfg = Release|Any CPU
		{784F0FA1-7C26-48C5-80CD-9EA1EF1E237F}.Release|Any CPU.Build.0 = Release|Any CPU
		{4487E3A4-33B2-4A4C-BFE5-B1ACAD41C2B3}.Debug|Any CPU.ActiveCfg = Debug|Any CPU
		{4487E3A4-33B2-4A4C-BFE5-B1ACAD41C2B3}.Debug|Any CPU.Build.0 = Debug|Any CPU
		{4487E3A4-33B2-4A4C-BFE5-B1ACAD41C2B3}.Release|Any CPU.ActiveCfg = Release|Any CPU
		{4487E3A4-33B2-4A4C-BFE5-B1ACAD41C2B3}.Release|Any CPU.Build.0 = Release|Any CPU
		{A222A697-C64D-4AB5-9B3A-31B92F7838A2}.Debug|Any CPU.ActiveCfg = Debug|Any CPU
		{A222A697-C64D-4AB5-9B3A-31B92F7838A2}.Debug|Any CPU.Build.0 = Debug|Any CPU
		{A222A697-C64D-4AB5-9B3A-31B92F7838A2}.Release|Any CPU.ActiveCfg = Release|Any CPU
		{A222A697-C64D-4AB5-9B3A-31B92F7838A2}.Release|Any CPU.Build.0 = Release|Any CPU
		{7E5043C6-CB7A-451B-A0AD-0E1AD6F34000}.Debug|Any CPU.ActiveCfg = Debug|Any CPU
		{7E5043C6-CB7A-451B-A0AD-0E1AD6F34000}.Debug|Any CPU.Build.0 = Debug|Any CPU
		{7E5043C6-CB7A-451B-A0AD-0E1AD6F34000}.Release|Any CPU.ActiveCfg = Release|Any CPU
		{7E5043C6-CB7A-451B-A0AD-0E1AD6F34000}.Release|Any CPU.Build.0 = Release|Any CPU
	EndGlobalSection
	GlobalSection(SolutionProperties) = preSolution
		HideSolutionNode = FALSE
	EndGlobalSection
	GlobalSection(ExtensibilityGlobals) = postSolution
		SolutionGuid = {30915035-1C8F-4013-AE8F-02E48CF6EA5A}
	EndGlobalSection
EndGlobal
